// !$*UTF8*$!
{
	archiveVersion = 1;
	classes = {
	};
	objectVersion = 48;
	objects = {

/* Begin PBXBuildFile section */
		D013E6271F18015A00A1A990 /* AppDelegate.swift in Sources */ = {isa = PBXBuildFile; fileRef = D013E6261F18015A00A1A990 /* AppDelegate.swift */; };
		D013E62E1F18015A00A1A990 /* ViewController.swift in Sources */ = {isa = PBXBuildFile; fileRef = D013E62D1F18015A00A1A990 /* ViewController.swift */; };
		D013E6311F18015A00A1A990 /* Main.storyboard in Resources */ = {isa = PBXBuildFile; fileRef = D013E62F1F18015A00A1A990 /* Main.storyboard */; };
		D013E6361F18015A00A1A990 /* LaunchScreen.storyboard in Resources */ = {isa = PBXBuildFile; fileRef = D013E6341F18015A00A1A990 /* LaunchScreen.storyboard */; };
		D013E6851F1917C700A1A990 /* Assets.xcassets in Resources */ = {isa = PBXBuildFile; fileRef = D013E6841F19168C00A1A990 /* Assets.xcassets */; };
		D06CCE1C1F35922E00751CA8 /* VideoLayer.swift in Sources */ = {isa = PBXBuildFile; fileRef = D06CCE1B1F35922E00751CA8 /* VideoLayer.swift */; };
		D06CCE1E1F359A0100751CA8 /* VNClassificationLabel.swift in Sources */ = {isa = PBXBuildFile; fileRef = D06CCE1D1F359A0100751CA8 /* VNClassificationLabel.swift */; };
		D080E42F1F3601BC00067073 /* String+Utils.swift in Sources */ = {isa = PBXBuildFile; fileRef = D080E42E1F3601BC00067073 /* String+Utils.swift */; };
		D0B4BE6E1F2088E700BBD7F4 /* MobileNet.mlmodel in Sources */ = {isa = PBXBuildFile; fileRef = D0B4BE6D1F2088E300BBD7F4 /* MobileNet.mlmodel */; };
/* End PBXBuildFile section */

/* Begin PBXFileReference section */
		D013E6231F18015A00A1A990 /* ARScanner.app */ = {isa = PBXFileReference; explicitFileType = wrapper.application; includeInIndex = 0; path = ARScanner.app; sourceTree = BUILT_PRODUCTS_DIR; };
		D013E6261F18015A00A1A990 /* AppDelegate.swift */ = {isa = PBXFileReference; lastKnownFileType = sourcecode.swift; path = AppDelegate.swift; sourceTree = "<group>"; };
		D013E62D1F18015A00A1A990 /* ViewController.swift */ = {isa = PBXFileReference; lastKnownFileType = sourcecode.swift; path = ViewController.swift; sourceTree = "<group>"; };
		D013E6301F18015A00A1A990 /* Base */ = {isa = PBXFileReference; lastKnownFileType = file.storyboard; name = Base; path = Base.lproj/Main.storyboard; sourceTree = "<group>"; };
		D013E6351F18015A00A1A990 /* Base */ = {isa = PBXFileReference; lastKnownFileType = file.storyboard; name = Base; path = Base.lproj/LaunchScreen.storyboard; sourceTree = "<group>"; };
		D013E6371F18015A00A1A990 /* Info.plist */ = {isa = PBXFileReference; lastKnownFileType = text.plist.xml; path = Info.plist; sourceTree = "<group>"; };
		D013E6841F19168C00A1A990 /* Assets.xcassets */ = {isa = PBXFileReference; lastKnownFileType = folder.assetcatalog; path = Assets.xcassets; sourceTree = "<group>"; };
		D013E6AF1F19357D00A1A990 /* ARScanner-Bridging-Header.h */ = {isa = PBXFileReference; lastKnownFileType = sourcecode.c.h; path = "ARScanner-Bridging-Header.h"; sourceTree = "<group>"; };
		D06CCE1B1F35922E00751CA8 /* VideoLayer.swift */ = {isa = PBXFileReference; lastKnownFileType = sourcecode.swift; path = VideoLayer.swift; sourceTree = "<group>"; };
		D06CCE1D1F359A0100751CA8 /* VNClassificationLabel.swift */ = {isa = PBXFileReference; lastKnownFileType = sourcecode.swift; path = VNClassificationLabel.swift; sourceTree = "<group>"; };
		D080E42E1F3601BC00067073 /* String+Utils.swift */ = {isa = PBXFileReference; lastKnownFileType = sourcecode.swift; path = "String+Utils.swift"; sourceTree = "<group>"; };
		D0B4BE6D1F2088E300BBD7F4 /* MobileNet.mlmodel */ = {isa = PBXFileReference; lastKnownFileType = file.mlmodel; path = MobileNet.mlmodel; sourceTree = "<group>"; };
/* End PBXFileReference section */

/* Begin PBXFrameworksBuildPhase section */
		D013E6201F18015A00A1A990 /* Frameworks */ = {
			isa = PBXFrameworksBuildPhase;
			buildActionMask = 2147483647;
			files = (
			);
			runOnlyForDeploymentPostprocessing = 0;
		};
/* End PBXFrameworksBuildPhase section */

/* Begin PBXGroup section */
		D013E61A1F18015A00A1A990 = {
			isa = PBXGroup;
			children = (
				D013E6251F18015A00A1A990 /* ARScanner */,
				D013E6241F18015A00A1A990 /* Products */,
			);
			sourceTree = "<group>";
		};
		D013E6241F18015A00A1A990 /* Products */ = {
			isa = PBXGroup;
			children = (
				D013E6231F18015A00A1A990 /* ARScanner.app */,
			);
			name = Products;
			sourceTree = "<group>";
		};
		D013E6251F18015A00A1A990 /* ARScanner */ = {
			isa = PBXGroup;
			children = (
				D013E6AF1F19357D00A1A990 /* ARScanner-Bridging-Header.h */,
				D0B4BE6D1F2088E300BBD7F4 /* MobileNet.mlmodel */,
				D013E6261F18015A00A1A990 /* AppDelegate.swift */,
				D013E62D1F18015A00A1A990 /* ViewController.swift */,
				D013E62F1F18015A00A1A990 /* Main.storyboard */,
				D013E6341F18015A00A1A990 /* LaunchScreen.storyboard */,
				D013E6371F18015A00A1A990 /* Info.plist */,
				D013E6841F19168C00A1A990 /* Assets.xcassets */,
				D06CCE1B1F35922E00751CA8 /* VideoLayer.swift */,
				D06CCE1D1F359A0100751CA8 /* VNClassificationLabel.swift */,
				D080E42E1F3601BC00067073 /* String+Utils.swift */,
			);
			path = ARScanner;
			sourceTree = "<group>";
		};
/* End PBXGroup section */

/* Begin PBXNativeTarget section */
		D013E6221F18015A00A1A990 /* ARScanner */ = {
			isa = PBXNativeTarget;
			buildConfigurationList = D013E63B1F18015A00A1A990 /* Build configuration list for PBXNativeTarget "ARScanner" */;
			buildPhases = (
				D013E61F1F18015A00A1A990 /* Sources */,
				D013E6201F18015A00A1A990 /* Frameworks */,
				D013E6211F18015A00A1A990 /* Resources */,
			);
			buildRules = (
			);
			dependencies = (
			);
			name = ARScanner;
			productName = ARScanner;
			productReference = D013E6231F18015A00A1A990 /* ARScanner.app */;
			productType = "com.apple.product-type.application";
		};
/* End PBXNativeTarget section */

/* Begin PBXProject section */
		D013E61B1F18015A00A1A990 /* Project object */ = {
			isa = PBXProject;
			attributes = {
				LastSwiftUpdateCheck = 0900;
				LastUpgradeCheck = 0900;
				ORGANIZATIONNAME = karify;
				TargetAttributes = {
					D013E6221F18015A00A1A990 = {
						CreatedOnToolsVersion = 9.0;
					};
				};
			};
			buildConfigurationList = D013E61E1F18015A00A1A990 /* Build configuration list for PBXProject "ARScanner" */;
			compatibilityVersion = "Xcode 8.0";
			developmentRegion = en;
			hasScannedForEncodings = 0;
			knownRegions = (
				en,
				Base,
			);
			mainGroup = D013E61A1F18015A00A1A990;
			productRefGroup = D013E6241F18015A00A1A990 /* Products */;
			projectDirPath = "";
			projectRoot = "";
			targets = (
				D013E6221F18015A00A1A990 /* ARScanner */,
			);
		};
/* End PBXProject section */

/* Begin PBXResourcesBuildPhase section */
		D013E6211F18015A00A1A990 /* Resources */ = {
			isa = PBXResourcesBuildPhase;
			buildActionMask = 2147483647;
			files = (
				D013E6361F18015A00A1A990 /* LaunchScreen.storyboard in Resources */,
				D013E6851F1917C700A1A990 /* Assets.xcassets in Resources */,
				D013E6311F18015A00A1A990 /* Main.storyboard in Resources */,
			);
			runOnlyForDeploymentPostprocessing = 0;
		};
/* End PBXResourcesBuildPhase section */

/* Begin PBXSourcesBuildPhase section */
		D013E61F1F18015A00A1A990 /* Sources */ = {
			isa = PBXSourcesBuildPhase;
			buildActionMask = 2147483647;
			files = (
				D0B4BE6E1F2088E700BBD7F4 /* MobileNet.mlmodel in Sources */,
				D06CCE1E1F359A0100751CA8 /* VNClassificationLabel.swift in Sources */,
				D080E42F1F3601BC00067073 /* String+Utils.swift in Sources */,
				D013E62E1F18015A00A1A990 /* ViewController.swift in Sources */,
				D013E6271F18015A00A1A990 /* AppDelegate.swift in Sources */,
				D06CCE1C1F35922E00751CA8 /* VideoLayer.swift in Sources */,
			);
			runOnlyForDeploymentPostprocessing = 0;
		};
/* End PBXSourcesBuildPhase section */

/* Begin PBXVariantGroup section */
		D013E62F1F18015A00A1A990 /* Main.storyboard */ = {
			isa = PBXVariantGroup;
			children = (
				D013E6301F18015A00A1A990 /* Base */,
			);
			name = Main.storyboard;
			sourceTree = "<group>";
		};
		D013E6341F18015A00A1A990 /* LaunchScreen.storyboard */ = {
			isa = PBXVariantGroup;
			children = (
				D013E6351F18015A00A1A990 /* Base */,
			);
			name = LaunchScreen.storyboard;
			sourceTree = "<group>";
		};
/* End PBXVariantGroup section */

/* Begin XCBuildConfiguration section */
		D013E6391F18015A00A1A990 /* Debug */ = {
			isa = XCBuildConfiguration;
			buildSettings = {
				ALWAYS_SEARCH_USER_PATHS = NO;
				CLANG_ANALYZER_NONNULL = YES;
				CLANG_ANALYZER_NUMBER_OBJECT_CONVERSION = YES_AGGRESSIVE;
				CLANG_CXX_LANGUAGE_STANDARD = "gnu++14";
				CLANG_CXX_LIBRARY = "libc++";
				CLANG_ENABLE_MODULES = YES;
				CLANG_ENABLE_OBJC_ARC = YES;
				CLANG_WARN_BLOCK_CAPTURE_AUTORELEASING = YES;
				CLANG_WARN_BOOL_CONVERSION = YES;
				CLANG_WARN_COMMA = YES;
				CLANG_WARN_CONSTANT_CONVERSION = YES;
				CLANG_WARN_DIRECT_OBJC_ISA_USAGE = YES_ERROR;
				CLANG_WARN_DOCUMENTATION_COMMENTS = YES;
				CLANG_WARN_EMPTY_BODY = YES;
				CLANG_WARN_ENUM_CONVERSION = YES;
				CLANG_WARN_INFINITE_RECURSION = YES;
				CLANG_WARN_INT_CONVERSION = YES;
				CLANG_WARN_NON_LITERAL_NULL_CONVERSION = YES;
				CLANG_WARN_OBJC_LITERAL_CONVERSION = YES;
				CLANG_WARN_OBJC_ROOT_CLASS = YES_ERROR;
				CLANG_WARN_RANGE_LOOP_ANALYSIS = YES;
				CLANG_WARN_STRICT_PROTOTYPES = YES;
				CLANG_WARN_SUSPICIOUS_MOVE = YES;
				CLANG_WARN_UNGUARDED_AVAILABILITY = YES_AGGRESSIVE;
				CLANG_WARN_UNREACHABLE_CODE = YES;
				CLANG_WARN__DUPLICATE_METHOD_MATCH = YES;
				CODE_SIGN_IDENTITY = "iPhone Developer";
				COPY_PHASE_STRIP = NO;
				DEBUG_INFORMATION_FORMAT = dwarf;
				ENABLE_STRICT_OBJC_MSGSEND = YES;
				ENABLE_TESTABILITY = YES;
				GCC_C_LANGUAGE_STANDARD = gnu11;
				GCC_DYNAMIC_NO_PIC = NO;
				GCC_NO_COMMON_BLOCKS = YES;
				GCC_OPTIMIZATION_LEVEL = 0;
				GCC_PREPROCESSOR_DEFINITIONS = (
					"DEBUG=1",
					"$(inherited)",
				);
				GCC_WARN_64_TO_32_BIT_CONVERSION = YES;
				GCC_WARN_ABOUT_RETURN_TYPE = YES_ERROR;
				GCC_WARN_UNDECLARED_SELECTOR = YES;
				GCC_WARN_UNINITIALIZED_AUTOS = YES_AGGRESSIVE;
				GCC_WARN_UNUSED_FUNCTION = YES;
				GCC_WARN_UNUSED_VARIABLE = YES;
				IPHONEOS_DEPLOYMENT_TARGET = 11.0;
				MTL_ENABLE_DEBUG_INFO = YES;
				ONLY_ACTIVE_ARCH = YES;
				SDKROOT = iphoneos;
				SWIFT_ACTIVE_COMPILATION_CONDITIONS = DEBUG;
				SWIFT_INSTALL_OBJC_HEADER = YES;
				SWIFT_OBJC_BRIDGING_HEADER = "";
				SWIFT_OPTIMIZATION_LEVEL = "-Onone";
				SWIFT_PRECOMPILE_BRIDGING_HEADER = YES;
			};
			name = Debug;
		};
		D013E63A1F18015A00A1A990 /* Release */ = {
			isa = XCBuildConfiguration;
			buildSettings = {
				ALWAYS_SEARCH_USER_PATHS = NO;
				CLANG_ANALYZER_NONNULL = YES;
				CLANG_ANALYZER_NUMBER_OBJECT_CONVERSION = YES_AGGRESSIVE;
				CLANG_CXX_LANGUAGE_STANDARD = "gnu++14";
				CLANG_CXX_LIBRARY = "libc++";
				CLANG_ENABLE_MODULES = YES;
				CLANG_ENABLE_OBJC_ARC = YES;
				CLANG_WARN_BLOCK_CAPTURE_AUTORELEASING = YES;
				CLANG_WARN_BOOL_CONVERSION = YES;
				CLANG_WARN_COMMA = YES;
				CLANG_WARN_CONSTANT_CONVERSION = YES;
				CLANG_WARN_DIRECT_OBJC_ISA_USAGE = YES_ERROR;
				CLANG_WARN_DOCUMENTATION_COMMENTS = YES;
				CLANG_WARN_EMPTY_BODY = YES;
				CLANG_WARN_ENUM_CONVERSION = YES;
				CLANG_WARN_INFINITE_RECURSION = YES;
				CLANG_WARN_INT_CONVERSION = YES;
				CLANG_WARN_NON_LITERAL_NULL_CONVERSION = YES;
				CLANG_WARN_OBJC_LITERAL_CONVERSION = YES;
				CLANG_WARN_OBJC_ROOT_CLASS = YES_ERROR;
				CLANG_WARN_RANGE_LOOP_ANALYSIS = YES;
				CLANG_WARN_STRICT_PROTOTYPES = YES;
				CLANG_WARN_SUSPICIOUS_MOVE = YES;
				CLANG_WARN_UNGUARDED_AVAILABILITY = YES_AGGRESSIVE;
				CLANG_WARN_UNREACHABLE_CODE = YES;
				CLANG_WARN__DUPLICATE_METHOD_MATCH = YES;
				CODE_SIGN_IDENTITY = "iPhone Developer";
				COPY_PHASE_STRIP = NO;
				DEBUG_INFORMATION_FORMAT = "dwarf-with-dsym";
				ENABLE_NS_ASSERTIONS = NO;
				ENABLE_STRICT_OBJC_MSGSEND = YES;
				GCC_C_LANGUAGE_STANDARD = gnu11;
				GCC_NO_COMMON_BLOCKS = YES;
				GCC_WARN_64_TO_32_BIT_CONVERSION = YES;
				GCC_WARN_ABOUT_RETURN_TYPE = YES_ERROR;
				GCC_WARN_UNDECLARED_SELECTOR = YES;
				GCC_WARN_UNINITIALIZED_AUTOS = YES_AGGRESSIVE;
				GCC_WARN_UNUSED_FUNCTION = YES;
				GCC_WARN_UNUSED_VARIABLE = YES;
				IPHONEOS_DEPLOYMENT_TARGET = 11.0;
				MTL_ENABLE_DEBUG_INFO = NO;
				SDKROOT = iphoneos;
				SWIFT_INSTALL_OBJC_HEADER = YES;
				SWIFT_OBJC_BRIDGING_HEADER = "";
				SWIFT_OPTIMIZATION_LEVEL = "-Owholemodule";
				SWIFT_PRECOMPILE_BRIDGING_HEADER = YES;
				VALIDATE_PRODUCT = YES;
			};
			name = Release;
		};
		D013E63C1F18015A00A1A990 /* Debug */ = {
			isa = XCBuildConfiguration;
			buildSettings = {
				ASSETCATALOG_COMPILER_APPICON_NAME = AppIcon;
				ASSETCATALOG_COMPILER_LAUNCHIMAGE_NAME = LaunchImage;
				COREML_CODEGEN_LANGUAGE = Swift;
				DEVELOPMENT_TEAM = XQ4S3U462T;
				INFOPLIST_FILE = ARScanner/Info.plist;
				LD_RUNPATH_SEARCH_PATHS = "$(inherited) @executable_path/Frameworks";
				PRODUCT_BUNDLE_IDENTIFIER = nl.pydev.ARScanner;
				PRODUCT_NAME = "$(TARGET_NAME)";
				SWIFT_OBJC_BRIDGING_HEADER = "ARScanner/ARScanner-Bridging-Header.h";
				SWIFT_VERSION = 4.0;
				TARGETED_DEVICE_FAMILY = 1;
			};
			name = Debug;
		};
		D013E63D1F18015A00A1A990 /* Release */ = {
			isa = XCBuildConfiguration;
			buildSettings = {
				ASSETCATALOG_COMPILER_APPICON_NAME = AppIcon;
				ASSETCATALOG_COMPILER_LAUNCHIMAGE_NAME = LaunchImage;
				COREML_CODEGEN_LANGUAGE = Swift;
				DEVELOPMENT_TEAM = XQ4S3U462T;
				INFOPLIST_FILE = ARScanner/Info.plist;
				LD_RUNPATH_SEARCH_PATHS = "$(inherited) @executable_path/Frameworks";
				PRODUCT_BUNDLE_IDENTIFIER = nl.pydev.ARScanner;
				PRODUCT_NAME = "$(TARGET_NAME)";
				SWIFT_OBJC_BRIDGING_HEADER = "ARScanner/ARScanner-Bridging-Header.h";
				SWIFT_VERSION = 4.0;
				TARGETED_DEVICE_FAMILY = 1;
			};
			name = Release;
		};
/* End XCBuildConfiguration section */

/* Begin XCConfigurationList section */
		D013E61E1F18015A00A1A990 /* Build configuration list for PBXProject "ARScanner" */ = {
			isa = XCConfigurationList;
			buildConfigurations = (
				D013E6391F18015A00A1A990 /* Debug */,
				D013E63A1F18015A00A1A990 /* Release */,
			);
			defaultConfigurationIsVisible = 0;
			defaultConfigurationName = Release;
		};
		D013E63B1F18015A00A1A990 /* Build configuration list for PBXNativeTarget "ARScanner" */ = {
			isa = XCConfigurationList;
			buildConfigurations = (
				D013E63C1F18015A00A1A990 /* Debug */,
				D013E63D1F18015A00A1A990 /* Release */,
			);
			defaultConfigurationIsVisible = 0;
			defaultConfigurationName = Release;
		};
/* End XCConfigurationList section */
	};
	rootObject = D013E61B1F18015A00A1A990 /* Project object */;
}
